
Microsoft Visual Studio Solution File, Format Version 12.00
# Visual Studio 15
VisualStudioVersion = 15.0.28307.902
MinimumVisualStudioVersion = 10.0.40219.1
Project("{FAE04EC0-301F-11D3-BF4B-00C04F79EFBC}") = "demo", "demo\demo.csproj", "{C4B87681-78E0-4BCD-957C-4C66A65E716E}"
EndProject
Global
	GlobalSection(SolutionConfigurationPlatforms) = preSolution
		Debug|Any CPU = Debug|Any CPU
		Release|Any CPU = Release|Any CPU
	EndGlobalSection
	GlobalSection(ProjectConfigurationPlatforms) = postSolution
		{C4B87681-78E0-4BCD-957C-4C66A65E716E}.Debug|Any CPU.ActiveCfg = Debug|Any CPU
		{C4B87681-78E0-4BCD-957C-4C66A65E716E}.Debug|Any CPU.Build.0 = Debug|Any CPU
		{C4B87681-78E0-4BCD-957C-4C66A65E716E}.Release|Any CPU.ActiveCfg = Release|Any CPU
		{C4B87681-78E0-4BCD-957C-4C66A65E716E}.Release|Any CPU.Build.0 = Release|Any CPU
	EndGlobalSection
	GlobalSection(SolutionProperties) = preSolution
		HideSolutionNode = FALSE
	EndGlobalSection
	GlobalSection(ExtensibilityGlobals) = postSolution
		SolutionGuid = {8A003E72-5FCB-4ECA-AF2A-3A94AE3793DF}
	EndGlobalSection
EndGlobal
